
Microsoft Visual Studio Solution File, Format Version 12.00
# Visual Studio Version 17
VisualStudioVersion = 17.13.35806.99
MinimumVisualStudioVersion = 10.0.40219.1
Project("{FAE04EC0-301F-11D3-BF4B-00C04F79EFBC}") = "SemestralniPrace", "SemestralniPrace\SemestralniPrace.csproj", "{7DE84A4A-13B0-4EA9-A0BD-9B10AEA5D312}"
EndProject
Global
	GlobalSection(SolutionConfigurationPlatforms) = preSolution
		Debug|Any CPU = Debug|Any CPU
		Release|Any CPU = Release|Any CPU
	EndGlobalSection
	GlobalSection(ProjectConfigurationPlatforms) = postSolution
		{7DE84A4A-13B0-4EA9-A0BD-9B10AEA5D312}.Debug|Any CPU.ActiveCfg = Debug|Any CPU
		{7DE84A4A-13B0-4EA9-A0BD-9B10AEA5D312}.Debug|Any CPU.Build.0 = Debug|Any CPU
		{7DE84A4A-13B0-4EA9-A0BD-9B10AEA5D312}.Release|Any CPU.ActiveCfg = Release|Any CPU
		{7DE84A4A-13B0-4EA9-A0BD-9B10AEA5D312}.Release|Any CPU.Build.0 = Release|Any CPU
	EndGlobalSection
	GlobalSection(SolutionProperties) = preSolution
		HideSolutionNode = FALSE
	EndGlobalSection
	GlobalSection(ExtensibilityGlobals) = postSolution
		SolutionGuid = {74B63A83-847E-40DF-B577-7DB0AF65416D}
	EndGlobalSection
EndGlobal
